SITE
  remote: http://community.opscode.com/api/v1
  specs:
    dmg (2.0.0)

GIT
  remote: git://github.com/Yesware/sprout.git
  path: osx
  ref: yesware
  sha: 69816e1528e029bf16cbff5a78fb16ca4c82dbb8
  specs:
    osx (0.1.0)

GIT
  remote: git://github.com/Yesware/sprout.git
  path: pivotal_workstation
  ref: yesware
  sha: 69816e1528e029bf16cbff5a78fb16ca4c82dbb8
  specs:
    pivotal_workstation (1.0.0)
      dmg (>= 0.0.0)
      osx (>= 0.0.0)
      sprout-osx-apps (>= 0.0.0)
      sprout-osx-base (>= 0.0.0)
      sprout-osx-settings (>= 0.0.0)
      sprout-pivotal (>= 0.0.0)

GIT
  remote: git://github.com/Yesware/sprout.git
  path: sprout-osx-apps
  ref: yesware
  sha: 69816e1528e029bf16cbff5a78fb16ca4c82dbb8
  specs:
    sprout-osx-apps (0.1.0)
      dmg (>= 0.0.0)
      sprout-osx-base (>= 0.0.0)
      sprout-osx-settings (>= 0.0.0)

GIT
  remote: git://github.com/Yesware/sprout.git
  path: sprout-osx-base
  ref: yesware
  sha: 69816e1528e029bf16cbff5a78fb16ca4c82dbb8
  specs:
    sprout-osx-base (0.1.0)

GIT
  remote: git://github.com/Yesware/sprout.git
  path: sprout-osx-settings
  ref: yesware
  sha: 69816e1528e029bf16cbff5a78fb16ca4c82dbb8
  specs:
    sprout-osx-settings (0.1.0)
      osx (>= 0.0.0)
      sprout-osx-base (>= 0.0.0)

GIT
  remote: git://github.com/Yesware/sprout.git
  path: sprout-pivotal
  ref: yesware
  sha: 69816e1528e029bf16cbff5a78fb16ca4c82dbb8
  specs:
    sprout-pivotal (0.1.0)
      dmg (>= 0.0.0)
      sprout-osx-base (>= 0.0.0)

PATH
  remote: site-cookbooks/meta
  specs:
    meta (0.1.0)
      pivotal_workstation (>= 0.0.0)
      sprout-osx-apps (>= 0.0.0)
      sprout-osx-settings (>= 0.0.0)

PATH
  remote: site-cookbooks/yw_workstation
  specs:
    yw_workstation (1.0.0)
      pivotal_workstation (>= 0.0.0)
      sprout-osx-apps (>= 0.0.0)

DEPENDENCIES
  meta (>= 0)
  osx (>= 0)
  pivotal_workstation (>= 0)
  sprout-osx-apps (>= 0)
  sprout-osx-base (>= 0)
  sprout-osx-settings (>= 0)
  sprout-pivotal (>= 0)
  yw_workstation (>= 0)

